
Microsoft Visual Studio Solution File, Format Version 12.00
# Visual Studio Version 17
VisualStudioVersion = 17.3.32825.248
MinimumVisualStudioVersion = 10.0.40219.1
Project("{8BC9CEB8-8B4A-11D0-8D11-00A0C91BC942}") = "DS_Lab2", "DS_Lab2\DS_Lab2.vcxproj", "{EA5A51A9-4FF1-4149-ABA4-887B1C465C40}"
EndProject
Project("{8BC9CEB8-8B4A-11D0-8D11-00A0C91BC942}") = "DS_Lab3", "DS_Lab3\DS_Lab3.vcxproj", "{5321F54A-02C7-4C2D-A035-59FACCD8DBDF}"
EndProject
Project("{8BC9CEB8-8B4A-11D0-8D11-00A0C91BC942}") = "DS_Lab4", "DS_Lab4\DS_Lab4.vcxproj", "{F30C1152-7EF5-4538-BCCD-C3F1A45B9520}"
EndProject
Global
	GlobalSection(SolutionConfigurationPlatforms) = preSolution
		Debug|x64 = Debug|x64
		Debug|x86 = Debug|x86
		Release|x64 = Release|x64
		Release|x86 = Release|x86
	EndGlobalSection
	GlobalSection(ProjectConfigurationPlatforms) = postSolution
		{EA5A51A9-4FF1-4149-ABA4-887B1C465C40}.Debug|x64.ActiveCfg = Debug|x64
		{EA5A51A9-4FF1-4149-ABA4-887B1C465C40}.Debug|x64.Build.0 = Debug|x64
		{EA5A51A9-4FF1-4149-ABA4-887B1C465C40}.Debug|x86.ActiveCfg = Debug|Win32
		{EA5A51A9-4FF1-4149-ABA4-887B1C465C40}.Debug|x86.Build.0 = Debug|Win32
		{EA5A51A9-4FF1-4149-ABA4-887B1C465C40}.Release|x64.ActiveCfg = Release|x64
		{EA5A51A9-4FF1-4149-ABA4-887B1C465C40}.Release|x64.Build.0 = Release|x64
		{EA5A51A9-4FF1-4149-ABA4-887B1C465C40}.Release|x86.ActiveCfg = Release|Win32
		{EA5A51A9-4FF1-4149-ABA4-887B1C465C40}.Release|x86.Build.0 = Release|Win32
		{5321F54A-02C7-4C2D-A035-59FACCD8DBDF}.Debug|x64.ActiveCfg = Debug|x64
		{5321F54A-02C7-4C2D-A035-59FACCD8DBDF}.Debug|x64.Build.0 = Debug|x64
		{5321F54A-02C7-4C2D-A035-59FACCD8DBDF}.Debug|x86.ActiveCfg = Debug|Win32
		{5321F54A-02C7-4C2D-A035-59FACCD8DBDF}.Debug|x86.Build.0 = Debug|Win32
		{5321F54A-02C7-4C2D-A035-59FACCD8DBDF}.Release|x64.ActiveCfg = Release|x64
		{5321F54A-02C7-4C2D-A035-59FACCD8DBDF}.Release|x64.Build.0 = Release|x64
		{5321F54A-02C7-4C2D-A035-59FACCD8DBDF}.Release|x86.ActiveCfg = Release|Win32
		{5321F54A-02C7-4C2D-A035-59FACCD8DBDF}.Release|x86.Build.0 = Release|Win32
		{F30C1152-7EF5-4538-BCCD-C3F1A45B9520}.Debug|x64.ActiveCfg = Debug|x64
		{F30C1152-7EF5-4538-BCCD-C3F1A45B9520}.Debug|x64.Build.0 = Debug|x64
		{F30C1152-7EF5-4538-BCCD-C3F1A45B9520}.Debug|x86.ActiveCfg = Debug|Win32
		{F30C1152-7EF5-4538-BCCD-C3F1A45B9520}.Debug|x86.Build.0 = Debug|Win32
		{F30C1152-7EF5-4538-BCCD-C3F1A45B9520}.Release|x64.ActiveCfg = Release|x64
		{F30C1152-7EF5-4538-BCCD-C3F1A45B9520}.Release|x64.Build.0 = Release|x64
		{F30C1152-7EF5-4538-BCCD-C3F1A45B9520}.Release|x86.ActiveCfg = Release|Win32
		{F30C1152-7EF5-4538-BCCD-C3F1A45B9520}.Release|x86.Build.0 = Release|Win32
	EndGlobalSection
	GlobalSection(SolutionProperties) = preSolution
		HideSolutionNode = FALSE
	EndGlobalSection
	GlobalSection(ExtensibilityGlobals) = postSolution
		SolutionGuid = {1123BFB9-9EA4-4885-B36D-7C1723F5D662}
	EndGlobalSection
EndGlobal
